// !$*UTF8*$!
{
	archiveVersion = 1;
	classes = {
	};
	objectVersion = 50;
	objects = {

/* Begin PBXBuildFile section */
		9A1ED17F24E26379007589BA /* AppDelegate.swift in Sources */ = {isa = PBXBuildFile; fileRef = 9A1ED17E24E26379007589BA /* AppDelegate.swift */; };
		9A1ED18124E26379007589BA /* SceneDelegate.swift in Sources */ = {isa = PBXBuildFile; fileRef = 9A1ED18024E26379007589BA /* SceneDelegate.swift */; };
		9A1ED18324E26379007589BA /* ViewController.swift in Sources */ = {isa = PBXBuildFile; fileRef = 9A1ED18224E26379007589BA /* ViewController.swift */; };
		9A1ED18624E26379007589BA /* Main.storyboard in Resources */ = {isa = PBXBuildFile; fileRef = 9A1ED18424E26379007589BA /* Main.storyboard */; };
		9A1ED18824E2637C007589BA /* Assets.xcassets in Resources */ = {isa = PBXBuildFile; fileRef = 9A1ED18724E2637C007589BA /* Assets.xcassets */; };
		9A1ED18B24E2637C007589BA /* LaunchScreen.storyboard in Resources */ = {isa = PBXBuildFile; fileRef = 9A1ED18924E2637C007589BA /* LaunchScreen.storyboard */; };
		9A1ED19E24E26A14007589BA /* KudanAR.framework in Frameworks */ = {isa = PBXBuildFile; fileRef = 9A1ED19D24E26A13007589BA /* KudanAR.framework */; };
		9A1ED1A024E26A4C007589BA /* ConfigLib.plist in Resources */ = {isa = PBXBuildFile; fileRef = 9A1ED19F24E26A4C007589BA /* ConfigLib.plist */; };
		9A1ED1A224E26B45007589BA /* libc++.tbd in Frameworks */ = {isa = PBXBuildFile; fileRef = 9A1ED1A124E26B45007589BA /* libc++.tbd */; };
		9A1ED1A424E26B75007589BA /* GoogleMaps.framework in Frameworks */ = {isa = PBXBuildFile; fileRef = 9A1ED1A324E26B75007589BA /* GoogleMaps.framework */; };
		9A1ED1A624E26B82007589BA /* GoogleMaps.bundle in Resources */ = {isa = PBXBuildFile; fileRef = 9A1ED1A524E26B82007589BA /* GoogleMaps.bundle */; };
		9A1ED1A824E2749C007589BA /* Accelerate.framework in Frameworks */ = {isa = PBXBuildFile; fileRef = 9A1ED1A724E2749C007589BA /* Accelerate.framework */; };
		9A1ED1AA24E274A3007589BA /* CoreData.framework in Frameworks */ = {isa = PBXBuildFile; fileRef = 9A1ED1A924E274A3007589BA /* CoreData.framework */; };
		9A1ED1AC24E274B2007589BA /* CoreGraphics.framework in Frameworks */ = {isa = PBXBuildFile; fileRef = 9A1ED1AB24E274B2007589BA /* CoreGraphics.framework */; };
		9A1ED1AE24E274BB007589BA /* CoreImage.framework in Frameworks */ = {isa = PBXBuildFile; fileRef = 9A1ED1AD24E274BB007589BA /* CoreImage.framework */; };
		9A1ED1B024E274C4007589BA /* CoreLocation.framework in Frameworks */ = {isa = PBXBuildFile; fileRef = 9A1ED1AF24E274C4007589BA /* CoreLocation.framework */; };
		9A1ED1B224E274D1007589BA /* CoreTelephony.framework in Frameworks */ = {isa = PBXBuildFile; fileRef = 9A1ED1B124E274D1007589BA /* CoreTelephony.framework */; };
		9A1ED1B424E274DD007589BA /* CoreText.framework in Frameworks */ = {isa = PBXBuildFile; fileRef = 9A1ED1B324E274DD007589BA /* CoreText.framework */; };
		9A1ED1B624E274E3007589BA /* GLKit.framework in Frameworks */ = {isa = PBXBuildFile; fileRef = 9A1ED1B524E274E2007589BA /* GLKit.framework */; };
		9A1ED1B824E274E9007589BA /* ImageIO.framework in Frameworks */ = {isa = PBXBuildFile; fileRef = 9A1ED1B724E274E9007589BA /* ImageIO.framework */; };
		9A1ED1BA24E274F1007589BA /* libz.tbd in Frameworks */ = {isa = PBXBuildFile; fileRef = 9A1ED1B924E274F1007589BA /* libz.tbd */; };
		9A1ED1BC24E274F8007589BA /* OpenGLES.framework in Frameworks */ = {isa = PBXBuildFile; fileRef = 9A1ED1BB24E274F7007589BA /* OpenGLES.framework */; };
		9A1ED1BE24E274FD007589BA /* QuartzCore.framework in Frameworks */ = {isa = PBXBuildFile; fileRef = 9A1ED1BD24E274FD007589BA /* QuartzCore.framework */; };
		9A1ED1C024E27504007589BA /* SystemConfiguration.framework in Frameworks */ = {isa = PBXBuildFile; fileRef = 9A1ED1BF24E27504007589BA /* SystemConfiguration.framework */; };
		9A1ED1C224E2750A007589BA /* UIKit.framework in Frameworks */ = {isa = PBXBuildFile; fileRef = 9A1ED1C124E2750A007589BA /* UIKit.framework */; };
		9A1ED1C524E27570007589BA /* GoogleMapsCore.framework in Frameworks */ = {isa = PBXBuildFile; fileRef = 9A1ED1C324E2756F007589BA /* GoogleMapsCore.framework */; };
		9A1ED1C624E27570007589BA /* GoogleMapsBase.framework in Frameworks */ = {isa = PBXBuildFile; fileRef = 9A1ED1C424E27570007589BA /* GoogleMapsBase.framework */; };
		9A91CB5224E2A0C300AAD3A7 /* emtgar.framework in Frameworks */ = {isa = PBXBuildFile; fileRef = 9A91CB5024E2A0C300AAD3A7 /* emtgar.framework */; };
		9A91CB5324E2A0C300AAD3A7 /* emtgarResources.bundle in Resources */ = {isa = PBXBuildFile; fileRef = 9A91CB5124E2A0C300AAD3A7 /* emtgarResources.bundle */; };
/* End PBXBuildFile section */

/* Begin PBXFileReference section */
		9A1ED17B24E26379007589BA /* EMTGAR-Sample.app */ = {isa = PBXFileReference; explicitFileType = wrapper.application; includeInIndex = 0; path = "EMTGAR-Sample.app"; sourceTree = BUILT_PRODUCTS_DIR; };
		9A1ED17E24E26379007589BA /* AppDelegate.swift */ = {isa = PBXFileReference; lastKnownFileType = sourcecode.swift; path = AppDelegate.swift; sourceTree = "<group>"; };
		9A1ED18024E26379007589BA /* SceneDelegate.swift */ = {isa = PBXFileReference; lastKnownFileType = sourcecode.swift; path = SceneDelegate.swift; sourceTree = "<group>"; };
		9A1ED18224E26379007589BA /* ViewController.swift */ = {isa = PBXFileReference; lastKnownFileType = sourcecode.swift; path = ViewController.swift; sourceTree = "<group>"; };
		9A1ED18524E26379007589BA /* Base */ = {isa = PBXFileReference; lastKnownFileType = file.storyboard; name = Base; path = Base.lproj/Main.storyboard; sourceTree = "<group>"; };
		9A1ED18724E2637C007589BA /* Assets.xcassets */ = {isa = PBXFileReference; lastKnownFileType = folder.assetcatalog; path = Assets.xcassets; sourceTree = "<group>"; };
		9A1ED18A24E2637C007589BA /* Base */ = {isa = PBXFileReference; lastKnownFileType = file.storyboard; name = Base; path = Base.lproj/LaunchScreen.storyboard; sourceTree = "<group>"; };
		9A1ED18C24E2637C007589BA /* Info.plist */ = {isa = PBXFileReference; lastKnownFileType = text.plist.xml; path = Info.plist; sourceTree = "<group>"; };
		9A1ED19D24E26A13007589BA /* KudanAR.framework */ = {isa = PBXFileReference; lastKnownFileType = wrapper.framework; name = KudanAR.framework; path = "EMTGAR-Sample/KudanAR.framework"; sourceTree = "<group>"; };
		9A1ED19F24E26A4C007589BA /* ConfigLib.plist */ = {isa = PBXFileReference; fileEncoding = 4; lastKnownFileType = text.plist.xml; path = ConfigLib.plist; sourceTree = "<group>"; };
		9A1ED1A124E26B45007589BA /* libc++.tbd */ = {isa = PBXFileReference; lastKnownFileType = "sourcecode.text-based-dylib-definition"; name = "libc++.tbd"; path = "usr/lib/libc++.tbd"; sourceTree = SDKROOT; };
		9A1ED1A324E26B75007589BA /* GoogleMaps.framework */ = {isa = PBXFileReference; lastKnownFileType = wrapper.framework; name = GoogleMaps.framework; path = "EMTGAR-Sample/GoogleMaps.framework"; sourceTree = "<group>"; };
		9A1ED1A524E26B82007589BA /* GoogleMaps.bundle */ = {isa = PBXFileReference; lastKnownFileType = "wrapper.plug-in"; name = GoogleMaps.bundle; path = "EMTGAR-Sample/GoogleMaps.framework/Resources/GoogleMaps.bundle"; sourceTree = "<group>"; };
		9A1ED1A724E2749C007589BA /* Accelerate.framework */ = {isa = PBXFileReference; lastKnownFileType = wrapper.framework; name = Accelerate.framework; path = System/Library/Frameworks/Accelerate.framework; sourceTree = SDKROOT; };
		9A1ED1A924E274A3007589BA /* CoreData.framework */ = {isa = PBXFileReference; lastKnownFileType = wrapper.framework; name = CoreData.framework; path = System/Library/Frameworks/CoreData.framework; sourceTree = SDKROOT; };
		9A1ED1AB24E274B2007589BA /* CoreGraphics.framework */ = {isa = PBXFileReference; lastKnownFileType = wrapper.framework; name = CoreGraphics.framework; path = System/Library/Frameworks/CoreGraphics.framework; sourceTree = SDKROOT; };
		9A1ED1AD24E274BB007589BA /* CoreImage.framework */ = {isa = PBXFileReference; lastKnownFileType = wrapper.framework; name = CoreImage.framework; path = System/Library/Frameworks/CoreImage.framework; sourceTree = SDKROOT; };
		9A1ED1AF24E274C4007589BA /* CoreLocation.framework */ = {isa = PBXFileReference; lastKnownFileType = wrapper.framework; name = CoreLocation.framework; path = System/Library/Frameworks/CoreLocation.framework; sourceTree = SDKROOT; };
		9A1ED1B124E274D1007589BA /* CoreTelephony.framework */ = {isa = PBXFileReference; lastKnownFileType = wrapper.framework; name = CoreTelephony.framework; path = System/Library/Frameworks/CoreTelephony.framework; sourceTree = SDKROOT; };
		9A1ED1B324E274DD007589BA /* CoreText.framework */ = {isa = PBXFileReference; lastKnownFileType = wrapper.framework; name = CoreText.framework; path = System/Library/Frameworks/CoreText.framework; sourceTree = SDKROOT; };
		9A1ED1B524E274E2007589BA /* GLKit.framework */ = {isa = PBXFileReference; lastKnownFileType = wrapper.framework; name = GLKit.framework; path = System/Library/Frameworks/GLKit.framework; sourceTree = SDKROOT; };
		9A1ED1B724E274E9007589BA /* ImageIO.framework */ = {isa = PBXFileReference; lastKnownFileType = wrapper.framework; name = ImageIO.framework; path = System/Library/Frameworks/ImageIO.framework; sourceTree = SDKROOT; };
		9A1ED1B924E274F1007589BA /* libz.tbd */ = {isa = PBXFileReference; lastKnownFileType = "sourcecode.text-based-dylib-definition"; name = libz.tbd; path = usr/lib/libz.tbd; sourceTree = SDKROOT; };
		9A1ED1BB24E274F7007589BA /* OpenGLES.framework */ = {isa = PBXFileReference; lastKnownFileType = wrapper.framework; name = OpenGLES.framework; path = System/Library/Frameworks/OpenGLES.framework; sourceTree = SDKROOT; };
		9A1ED1BD24E274FD007589BA /* QuartzCore.framework */ = {isa = PBXFileReference; lastKnownFileType = wrapper.framework; name = QuartzCore.framework; path = System/Library/Frameworks/QuartzCore.framework; sourceTree = SDKROOT; };
		9A1ED1BF24E27504007589BA /* SystemConfiguration.framework */ = {isa = PBXFileReference; lastKnownFileType = wrapper.framework; name = SystemConfiguration.framework; path = System/Library/Frameworks/SystemConfiguration.framework; sourceTree = SDKROOT; };
		9A1ED1C124E2750A007589BA /* UIKit.framework */ = {isa = PBXFileReference; lastKnownFileType = wrapper.framework; name = UIKit.framework; path = System/Library/Frameworks/UIKit.framework; sourceTree = SDKROOT; };
		9A1ED1C324E2756F007589BA /* GoogleMapsCore.framework */ = {isa = PBXFileReference; lastKnownFileType = wrapper.framework; name = GoogleMapsCore.framework; path = "EMTGAR-Sample/GoogleMapsCore.framework"; sourceTree = "<group>"; };
		9A1ED1C424E27570007589BA /* GoogleMapsBase.framework */ = {isa = PBXFileReference; lastKnownFileType = wrapper.framework; name = GoogleMapsBase.framework; path = "EMTGAR-Sample/GoogleMapsBase.framework"; sourceTree = "<group>"; };
		9A91CB5024E2A0C300AAD3A7 /* emtgar.framework */ = {isa = PBXFileReference; lastKnownFileType = wrapper.framework; path = emtgar.framework; sourceTree = "<group>"; };
		9A91CB5124E2A0C300AAD3A7 /* emtgarResources.bundle */ = {isa = PBXFileReference; lastKnownFileType = "wrapper.plug-in"; path = emtgarResources.bundle; sourceTree = "<group>"; };
/* End PBXFileReference section */

/* Begin PBXFrameworksBuildPhase section */
		9A1ED17824E26379007589BA /* Frameworks */ = {
			isa = PBXFrameworksBuildPhase;
			buildActionMask = 2147483647;
			files = (
				9A91CB5224E2A0C300AAD3A7 /* emtgar.framework in Frameworks */,
				9A1ED1C224E2750A007589BA /* UIKit.framework in Frameworks */,
				9A1ED1C024E27504007589BA /* SystemConfiguration.framework in Frameworks */,
				9A1ED1BE24E274FD007589BA /* QuartzCore.framework in Frameworks */,
				9A1ED1BC24E274F8007589BA /* OpenGLES.framework in Frameworks */,
				9A1ED1BA24E274F1007589BA /* libz.tbd in Frameworks */,
				9A1ED1C624E27570007589BA /* GoogleMapsBase.framework in Frameworks */,
				9A1ED1B824E274E9007589BA /* ImageIO.framework in Frameworks */,
				9A1ED1B624E274E3007589BA /* GLKit.framework in Frameworks */,
				9A1ED1B424E274DD007589BA /* CoreText.framework in Frameworks */,
				9A1ED1B224E274D1007589BA /* CoreTelephony.framework in Frameworks */,
				9A1ED1B024E274C4007589BA /* CoreLocation.framework in Frameworks */,
				9A1ED1AE24E274BB007589BA /* CoreImage.framework in Frameworks */,
				9A1ED1C524E27570007589BA /* GoogleMapsCore.framework in Frameworks */,
				9A1ED1AC24E274B2007589BA /* CoreGraphics.framework in Frameworks */,
				9A1ED1AA24E274A3007589BA /* CoreData.framework in Frameworks */,
				9A1ED1A824E2749C007589BA /* Accelerate.framework in Frameworks */,
				9A1ED1A224E26B45007589BA /* libc++.tbd in Frameworks */,
				9A1ED1A424E26B75007589BA /* GoogleMaps.framework in Frameworks */,
				9A1ED19E24E26A14007589BA /* KudanAR.framework in Frameworks */,
			);
			runOnlyForDeploymentPostprocessing = 0;
		};
/* End PBXFrameworksBuildPhase section */

/* Begin PBXGroup section */
		9A1ED17224E26379007589BA = {
			isa = PBXGroup;
			children = (
				9A1ED17D24E26379007589BA /* EMTGAR-Sample */,
				9A1ED17C24E26379007589BA /* Products */,
				9A1ED19624E26986007589BA /* Frameworks */,
			);
			sourceTree = "<group>";
		};
		9A1ED17C24E26379007589BA /* Products */ = {
			isa = PBXGroup;
			children = (
				9A1ED17B24E26379007589BA /* EMTGAR-Sample.app */,
			);
			name = Products;
			sourceTree = "<group>";
		};
		9A1ED17D24E26379007589BA /* EMTGAR-Sample */ = {
			isa = PBXGroup;
			children = (
				9A1ED17E24E26379007589BA /* AppDelegate.swift */,
				9A1ED18024E26379007589BA /* SceneDelegate.swift */,
				9A1ED18224E26379007589BA /* ViewController.swift */,
				9A1ED18424E26379007589BA /* Main.storyboard */,
				9A1ED18724E2637C007589BA /* Assets.xcassets */,
				9A1ED18924E2637C007589BA /* LaunchScreen.storyboard */,
				9A1ED18C24E2637C007589BA /* Info.plist */,
				9A1ED19F24E26A4C007589BA /* ConfigLib.plist */,
			);
			path = "EMTGAR-Sample";
			sourceTree = "<group>";
		};
		9A1ED19624E26986007589BA /* Frameworks */ = {
			isa = PBXGroup;
			children = (
				9A91CB5024E2A0C300AAD3A7 /* emtgar.framework */,
				9A91CB5124E2A0C300AAD3A7 /* emtgarResources.bundle */,
				9A1ED1A124E26B45007589BA /* libc++.tbd */,
				9A1ED19D24E26A13007589BA /* KudanAR.framework */,
				9A1ED1C424E27570007589BA /* GoogleMapsBase.framework */,
				9A1ED1C324E2756F007589BA /* GoogleMapsCore.framework */,
				9A1ED1C124E2750A007589BA /* UIKit.framework */,
				9A1ED1BF24E27504007589BA /* SystemConfiguration.framework */,
				9A1ED1BD24E274FD007589BA /* QuartzCore.framework */,
				9A1ED1BB24E274F7007589BA /* OpenGLES.framework */,
				9A1ED1B924E274F1007589BA /* libz.tbd */,
				9A1ED1B724E274E9007589BA /* ImageIO.framework */,
				9A1ED1B524E274E2007589BA /* GLKit.framework */,
				9A1ED1B324E274DD007589BA /* CoreText.framework */,
				9A1ED1B124E274D1007589BA /* CoreTelephony.framework */,
				9A1ED1AF24E274C4007589BA /* CoreLocation.framework */,
				9A1ED1AD24E274BB007589BA /* CoreImage.framework */,
				9A1ED1AB24E274B2007589BA /* CoreGraphics.framework */,
				9A1ED1A924E274A3007589BA /* CoreData.framework */,
				9A1ED1A724E2749C007589BA /* Accelerate.framework */,
				9A1ED1A524E26B82007589BA /* GoogleMaps.bundle */,
				9A1ED1A324E26B75007589BA /* GoogleMaps.framework */,
			);
			name = Frameworks;
			sourceTree = "<group>";
		};
/* End PBXGroup section */

/* Begin PBXNativeTarget section */
		9A1ED17A24E26379007589BA /* EMTGAR-Sample */ = {
			isa = PBXNativeTarget;
			buildConfigurationList = 9A1ED18F24E2637C007589BA /* Build configuration list for PBXNativeTarget "EMTGAR-Sample" */;
			buildPhases = (
				9A1ED17724E26379007589BA /* Sources */,
				9A1ED17824E26379007589BA /* Frameworks */,
				9A1ED17924E26379007589BA /* Resources */,
			);
			buildRules = (
			);
			dependencies = (
			);
			name = "EMTGAR-Sample";
			productName = "EMTGAR-Sample";
			productReference = 9A1ED17B24E26379007589BA /* EMTGAR-Sample.app */;
			productType = "com.apple.product-type.application";
		};
/* End PBXNativeTarget section */

/* Begin PBXProject section */
		9A1ED17324E26379007589BA /* Project object */ = {
			isa = PBXProject;
			attributes = {
				LastSwiftUpdateCheck = 1150;
				LastUpgradeCheck = 1150;
				ORGANIZATIONNAME = PROUDIA;
				TargetAttributes = {
					9A1ED17A24E26379007589BA = {
						CreatedOnToolsVersion = 11.5;
					};
				};
			};
			buildConfigurationList = 9A1ED17624E26379007589BA /* Build configuration list for PBXProject "EMTGAR-Sample" */;
			compatibilityVersion = "Xcode 9.3";
			developmentRegion = en;
			hasScannedForEncodings = 0;
			knownRegions = (
				en,
				Base,
			);
			mainGroup = 9A1ED17224E26379007589BA;
			productRefGroup = 9A1ED17C24E26379007589BA /* Products */;
			projectDirPath = "";
			projectRoot = "";
			targets = (
				9A1ED17A24E26379007589BA /* EMTGAR-Sample */,
			);
		};
/* End PBXProject section */

/* Begin PBXResourcesBuildPhase section */
		9A1ED17924E26379007589BA /* Resources */ = {
			isa = PBXResourcesBuildPhase;
			buildActionMask = 2147483647;
			files = (
				9A1ED18B24E2637C007589BA /* LaunchScreen.storyboard in Resources */,
				9A1ED18824E2637C007589BA /* Assets.xcassets in Resources */,
				9A1ED1A624E26B82007589BA /* GoogleMaps.bundle in Resources */,
				9A1ED18624E26379007589BA /* Main.storyboard in Resources */,
				9A1ED1A024E26A4C007589BA /* ConfigLib.plist in Resources */,
				9A91CB5324E2A0C300AAD3A7 /* emtgarResources.bundle in Resources */,
			);
			runOnlyForDeploymentPostprocessing = 0;
		};
/* End PBXResourcesBuildPhase section */

/* Begin PBXSourcesBuildPhase section */
		9A1ED17724E26379007589BA /* Sources */ = {
			isa = PBXSourcesBuildPhase;
			buildActionMask = 2147483647;
			files = (
				9A1ED18324E26379007589BA /* ViewController.swift in Sources */,
				9A1ED17F24E26379007589BA /* AppDelegate.swift in Sources */,
				9A1ED18124E26379007589BA /* SceneDelegate.swift in Sources */,
			);
			runOnlyForDeploymentPostprocessing = 0;
		};
/* End PBXSourcesBuildPhase section */

/* Begin PBXVariantGroup section */
		9A1ED18424E26379007589BA /* Main.storyboard */ = {
			isa = PBXVariantGroup;
			children = (
				9A1ED18524E26379007589BA /* Base */,
			);
			name = Main.storyboard;
			sourceTree = "<group>";
		};
		9A1ED18924E2637C007589BA /* LaunchScreen.storyboard */ = {
			isa = PBXVariantGroup;
			children = (
				9A1ED18A24E2637C007589BA /* Base */,
			);
			name = LaunchScreen.storyboard;
			sourceTree = "<group>";
		};
/* End PBXVariantGroup section */

/* Begin XCBuildConfiguration section */
		9A1ED18D24E2637C007589BA /* Debug */ = {
			isa = XCBuildConfiguration;
			buildSettings = {
				ALWAYS_SEARCH_USER_PATHS = NO;
				CLANG_ANALYZER_NONNULL = YES;
				CLANG_ANALYZER_NUMBER_OBJECT_CONVERSION = YES_AGGRESSIVE;
				CLANG_CXX_LANGUAGE_STANDARD = "gnu++14";
				CLANG_CXX_LIBRARY = "libc++";
				CLANG_ENABLE_MODULES = YES;
				CLANG_ENABLE_OBJC_ARC = YES;
				CLANG_ENABLE_OBJC_WEAK = YES;
				CLANG_WARN_BLOCK_CAPTURE_AUTORELEASING = YES;
				CLANG_WARN_BOOL_CONVERSION = YES;
				CLANG_WARN_COMMA = YES;
				CLANG_WARN_CONSTANT_CONVERSION = YES;
				CLANG_WARN_DEPRECATED_OBJC_IMPLEMENTATIONS = YES;
				CLANG_WARN_DIRECT_OBJC_ISA_USAGE = YES_ERROR;
				CLANG_WARN_DOCUMENTATION_COMMENTS = YES;
				CLANG_WARN_EMPTY_BODY = YES;
				CLANG_WARN_ENUM_CONVERSION = YES;
				CLANG_WARN_INFINITE_RECURSION = YES;
				CLANG_WARN_INT_CONVERSION = YES;
				CLANG_WARN_NON_LITERAL_NULL_CONVERSION = YES;
				CLANG_WARN_OBJC_IMPLICIT_RETAIN_SELF = YES;
				CLANG_WARN_OBJC_LITERAL_CONVERSION = YES;
				CLANG_WARN_OBJC_ROOT_CLASS = YES_ERROR;
				CLANG_WARN_RANGE_LOOP_ANALYSIS = YES;
				CLANG_WARN_STRICT_PROTOTYPES = YES;
				CLANG_WARN_SUSPICIOUS_MOVE = YES;
				CLANG_WARN_UNGUARDED_AVAILABILITY = YES_AGGRESSIVE;
				CLANG_WARN_UNREACHABLE_CODE = YES;
				CLANG_WARN__DUPLICATE_METHOD_MATCH = YES;
				COPY_PHASE_STRIP = NO;
				DEBUG_INFORMATION_FORMAT = dwarf;
				ENABLE_STRICT_OBJC_MSGSEND = YES;
				ENABLE_TESTABILITY = YES;
				GCC_C_LANGUAGE_STANDARD = gnu11;
				GCC_DYNAMIC_NO_PIC = NO;
				GCC_NO_COMMON_BLOCKS = YES;
				GCC_OPTIMIZATION_LEVEL = 0;
				GCC_PREPROCESSOR_DEFINITIONS = (
					"DEBUG=1",
					"$(inherited)",
				);
				GCC_WARN_64_TO_32_BIT_CONVERSION = YES;
				GCC_WARN_ABOUT_RETURN_TYPE = YES_ERROR;
				GCC_WARN_UNDECLARED_SELECTOR = YES;
				GCC_WARN_UNINITIALIZED_AUTOS = YES_AGGRESSIVE;
				GCC_WARN_UNUSED_FUNCTION = YES;
				GCC_WARN_UNUSED_VARIABLE = YES;
				IPHONEOS_DEPLOYMENT_TARGET = 13.5;
				MTL_ENABLE_DEBUG_INFO = INCLUDE_SOURCE;
				MTL_FAST_MATH = YES;
				ONLY_ACTIVE_ARCH = YES;
				SDKROOT = iphoneos;
				SWIFT_ACTIVE_COMPILATION_CONDITIONS = DEBUG;
				SWIFT_OPTIMIZATION_LEVEL = "-Onone";
			};
			name = Debug;
		};
		9A1ED18E24E2637C007589BA /* Release */ = {
			isa = XCBuildConfiguration;
			buildSettings = {
				ALWAYS_SEARCH_USER_PATHS = NO;
				CLANG_ANALYZER_NONNULL = YES;
				CLANG_ANALYZER_NUMBER_OBJECT_CONVERSION = YES_AGGRESSIVE;
				CLANG_CXX_LANGUAGE_STANDARD = "gnu++14";
				CLANG_CXX_LIBRARY = "libc++";
				CLANG_ENABLE_MODULES = YES;
				CLANG_ENABLE_OBJC_ARC = YES;
				CLANG_ENABLE_OBJC_WEAK = YES;
				CLANG_WARN_BLOCK_CAPTURE_AUTORELEASING = YES;
				CLANG_WARN_BOOL_CONVERSION = YES;
				CLANG_WARN_COMMA = YES;
				CLANG_WARN_CONSTANT_CONVERSION = YES;
				CLANG_WARN_DEPRECATED_OBJC_IMPLEMENTATIONS = YES;
				CLANG_WARN_DIRECT_OBJC_ISA_USAGE = YES_ERROR;
				CLANG_WARN_DOCUMENTATION_COMMENTS = YES;
				CLANG_WARN_EMPTY_BODY = YES;
				CLANG_WARN_ENUM_CONVERSION = YES;
				CLANG_WARN_INFINITE_RECURSION = YES;
				CLANG_WARN_INT_CONVERSION = YES;
				CLANG_WARN_NON_LITERAL_NULL_CONVERSION = YES;
				CLANG_WARN_OBJC_IMPLICIT_RETAIN_SELF = YES;
				CLANG_WARN_OBJC_LITERAL_CONVERSION = YES;
				CLANG_WARN_OBJC_ROOT_CLASS = YES_ERROR;
				CLANG_WARN_RANGE_LOOP_ANALYSIS = YES;
				CLANG_WARN_STRICT_PROTOTYPES = YES;
				CLANG_WARN_SUSPICIOUS_MOVE = YES;
				CLANG_WARN_UNGUARDED_AVAILABILITY = YES_AGGRESSIVE;
				CLANG_WARN_UNREACHABLE_CODE = YES;
				CLANG_WARN__DUPLICATE_METHOD_MATCH = YES;
				COPY_PHASE_STRIP = NO;
				DEBUG_INFORMATION_FORMAT = "dwarf-with-dsym";
				ENABLE_NS_ASSERTIONS = NO;
				ENABLE_STRICT_OBJC_MSGSEND = YES;
				GCC_C_LANGUAGE_STANDARD = gnu11;
				GCC_NO_COMMON_BLOCKS = YES;
				GCC_WARN_64_TO_32_BIT_CONVERSION = YES;
				GCC_WARN_ABOUT_RETURN_TYPE = YES_ERROR;
				GCC_WARN_UNDECLARED_SELECTOR = YES;
				GCC_WARN_UNINITIALIZED_AUTOS = YES_AGGRESSIVE;
				GCC_WARN_UNUSED_FUNCTION = YES;
				GCC_WARN_UNUSED_VARIABLE = YES;
				IPHONEOS_DEPLOYMENT_TARGET = 13.5;
				MTL_ENABLE_DEBUG_INFO = NO;
				MTL_FAST_MATH = YES;
				SDKROOT = iphoneos;
				SWIFT_COMPILATION_MODE = wholemodule;
				SWIFT_OPTIMIZATION_LEVEL = "-O";
				VALIDATE_PRODUCT = YES;
			};
			name = Release;
		};
		9A1ED19024E2637C007589BA /* Debug */ = {
			isa = XCBuildConfiguration;
			buildSettings = {
				ASSETCATALOG_COMPILER_APPICON_NAME = AppIcon;
				CODE_SIGN_IDENTITY = "iPhone Developer";
				CODE_SIGN_STYLE = Manual;
				DEVELOPMENT_TEAM = JEDDWS44SU;
				ENABLE_BITCODE = NO;
				FRAMEWORK_SEARCH_PATHS = (
					"$(inherited)",
					"$(PROJECT_DIR)/EMTGAR-Sample",
					"$(PROJECT_DIR)",
				);
				INFOPLIST_FILE = "EMTGAR-Sample/Info.plist";
				IPHONEOS_DEPLOYMENT_TARGET = 11.0;
				LD_RUNPATH_SEARCH_PATHS = (
					"$(inherited)",
					"@executable_path/Frameworks",
				);
				PRODUCT_BUNDLE_IDENTIFIER = com.classkobukuro.officialapp;
				PRODUCT_NAME = "$(TARGET_NAME)";
				PROVISIONING_PROFILE_SPECIFIER = "match Development *";
				SWIFT_VERSION = 5.0;
				TARGETED_DEVICE_FAMILY = "1,2";
			};
			name = Debug;
		};
		9A1ED19124E2637C007589BA /* Release */ = {
			isa = XCBuildConfiguration;
			buildSettings = {
				ASSETCATALOG_COMPILER_APPICON_NAME = AppIcon;
				CODE_SIGN_IDENTITY = "iPhone Developer";
				CODE_SIGN_STYLE = Manual;
				DEVELOPMENT_TEAM = JEDDWS44SU;
				ENABLE_BITCODE = NO;
				FRAMEWORK_SEARCH_PATHS = (
					"$(inherited)",
					"$(PROJECT_DIR)/EMTGAR-Sample",
					"$(PROJECT_DIR)",
				);
				INFOPLIST_FILE = "EMTGAR-Sample/Info.plist";
				IPHONEOS_DEPLOYMENT_TARGET = 11.0;
				LD_RUNPATH_SEARCH_PATHS = (
					"$(inherited)",
					"@executable_path/Frameworks",
				);
				PRODUCT_BUNDLE_IDENTIFIER = com.classkobukuro.officialapp;
				PRODUCT_NAME = "$(TARGET_NAME)";
				PROVISIONING_PROFILE_SPECIFIER = "match Development *";
				SWIFT_VERSION = 5.0;
				TARGETED_DEVICE_FAMILY = "1,2";
			};
			name = Release;
		};
/* End XCBuildConfiguration section */

/* Begin XCConfigurationList section */
		9A1ED17624E26379007589BA /* Build configuration list for PBXProject "EMTGAR-Sample" */ = {
			isa = XCConfigurationList;
			buildConfigurations = (
				9A1ED18D24E2637C007589BA /* Debug */,
				9A1ED18E24E2637C007589BA /* Release */,
			);
			defaultConfigurationIsVisible = 0;
			defaultConfigurationName = Release;
		};
		9A1ED18F24E2637C007589BA /* Build configuration list for PBXNativeTarget "EMTGAR-Sample" */ = {
			isa = XCConfigurationList;
			buildConfigurations = (
				9A1ED19024E2637C007589BA /* Debug */,
				9A1ED19124E2637C007589BA /* Release */,
			);
			defaultConfigurationIsVisible = 0;
			defaultConfigurationName = Release;
		};
/* End XCConfigurationList section */
	};
	rootObject = 9A1ED17324E26379007589BA /* Project object */;
}
